
Microsoft Visual Studio Solution File, Format Version 12.00
# Visual Studio Version 17
VisualStudioVersion = 17.4.32826.416
MinimumVisualStudioVersion = 10.0.40219.1
Project("{FAE04EC0-301F-11D3-BF4B-00C04F79EFBC}") = "YouTubeDownloader", "YouTubeDownloader\YouTubeDownloader.csproj", "{9CD9A636-C6DF-418C-869C-84E14B91FCE0}"
EndProject
Global
	GlobalSection(SolutionConfigurationPlatforms) = preSolution
		Debug|Any CPU = Debug|Any CPU
		Release|Any CPU = Release|Any CPU
	EndGlobalSection
	GlobalSection(ProjectConfigurationPlatforms) = postSolution
		{9CD9A636-C6DF-418C-869C-84E14B91FCE0}.Debug|Any CPU.ActiveCfg = Debug|Any CPU
		{9CD9A636-C6DF-418C-869C-84E14B91FCE0}.Debug|Any CPU.Build.0 = Debug|Any CPU
		{9CD9A636-C6DF-418C-869C-84E14B91FCE0}.Release|Any CPU.ActiveCfg = Release|Any CPU
		{9CD9A636-C6DF-418C-869C-84E14B91FCE0}.Release|Any CPU.Build.0 = Release|Any CPU
	EndGlobalSection
	GlobalSection(SolutionProperties) = preSolution
		HideSolutionNode = FALSE
	EndGlobalSection
	GlobalSection(ExtensibilityGlobals) = postSolution
		SolutionGuid = {3606CC0D-BF68-4221-8424-A8A3B375FE07}
	EndGlobalSection
EndGlobal
